<?xml version="1.0" encoding="utf-8"?>
<Project ToolsVersion="4.0" xmlns="http://schemas.microsoft.com/developer/msbuild/2003">
  <ItemGroup>
    <Filter Include="Source Files">
      <UniqueIdentifier>{4FC737F1-C7A5-4376-A066-2A32D752A2FF}</UniqueIdentifier>
      <Extensions>cpp;c;cc;cxx;def;odl;idl;hpj;bat;asm;asmx</Extensions>
    </Filter>
    <Filter Include="Header Files">
      <UniqueIdentifier>{93995380-89BD-4b04-88EB-625FBE52EBFB}</UniqueIdentifier>
      <Extensions>h;hh;hpp;hxx;hm;inl;inc;xsd</Extensions>
    </Filter>
    <Filter Include="Resource Files">
      <UniqueIdentifier>{67DA6AB6-F800-4c08-8B7A-83BB121AAD01}</UniqueIdentifier>
      <Extensions>rc;ico;cur;bmp;dlg;rc2;rct;bin;rgs;gif;jpg;jpeg;jpe;resx;tiff;tif;png;wav;mfcribbon-ms</Extensions>
    </Filter>
    <Filter Include="Source Files\common">
      <UniqueIdentifier>{332e1412-c4bf-47a4-85f0-d3b392bb63ac}</UniqueIdentifier>
    </Filter>
  </ItemGroup>
  <ItemGroup>
    <ClCompile Include="src\exports.cpp">
      <Filter>Source Files</Filter>
    </ClCompile>
    <ClCompile Include="src\imports.cpp">
      <Filter>Source Files</Filter>
    </ClCompile>
    <ClCompile Include="src\opengl32_resolve.cpp">
      <Filter>Source Files</Filter>
    </ClCompile>
    <ClCompile Include="src\common\encoder.cpp">
      <Filter>Source Files</Filter>
    </ClCompile>
    <ClCompile Include="src\common\file_writer.cpp">
      <Filter>Source Files</Filter>
    </ClCompile>
    <ClCompile Include="src\common\get_gfx_proc_address.cpp">
      <Filter>Source Files</Filter>
    </ClCompile>
    <ClCompile Include="src\common\hash.cpp">
      <Filter>Source Files</Filter>
    </ClCompile>
    <ClCompile Include="src\common\id.cpp">
      <Filter>Source Files</Filter>
    </ClCompile>
    <ClCompile Include="src\spy.cpp">
      <Filter>Source Files</Filter>
    </ClCompile>
  </ItemGroup>
  <ItemGroup>
    <None Include="src\state_externs.inl">
      <Filter>Header Files</Filter>
    </None>
    <None Include="src\opengl32_exports.def">
      <Filter>Source Files</Filter>
    </None>
  </ItemGroup>
  <ItemGroup>
    <ClInclude Include="src\imports.h">
      <Filter>Header Files</Filter>
    </ClInclude>
    <ClInclude Include="src\spy.h">
      <Filter>Header Files</Filter>
    </ClInclude>
    <ClInclude Include="src\state.h">
      <Filter>Header Files</Filter>
    </ClInclude>
    <ClInclude Include="src\types.h">
      <Filter>Header Files</Filter>
    </ClInclude>
    <ClInclude Include="src\common\encoder.h">
      <Filter>Header Files</Filter>
    </ClInclude>
    <ClInclude Include="src\common\file_writer.h">
      <Filter>Header Files</Filter>
    </ClInclude>
    <ClInclude Include="src\common\get_gfx_proc_address.h">
      <Filter>Header Files</Filter>
    </ClInclude>
    <ClInclude Include="src\common\hash.h">
      <Filter>Header Files</Filter>
    </ClInclude>
    <ClInclude Include="src\common\id.h">
      <Filter>Header Files</Filter>
    </ClInclude>
    <ClInclude Include="src\common\stream_writer.h">
      <Filter>Header Files</Filter>
    </ClInclude>
    <ClInclude Include="src\gles_spy.h">
      <Filter>Header Files</Filter>
    </ClInclude>
  </ItemGroup>
  <ItemGroup>
    <MASM Include="src\opengl32_x64.asm">
      <Filter>Source Files</Filter>
    </MASM>
  </ItemGroup>
</Project>